
Microsoft Visual Studio Solution File, Format Version 12.00
# Visual Studio Version 16
VisualStudioVersion = 16.0.33927.289
MinimumVisualStudioVersion = 10.0.40219.1
Project("{2150E333-8FDC-42A3-9474-1A3956D46DE8}") = "Task0", "Task0", "{D51D27FB-6990-4CF9-BADF-1CEDDB2438E5}"
EndProject
Project("{8BC9CEB8-8B4A-11D0-8D11-00A0C91BC942}") = "Tyuiu.GoogeRA.Sprint0.Task0.V0", "Tyuiu.GoogeRA.Sprint0.Task0.V0\Tyuiu.GoogeRA.Sprint0.Task0.V0.vcxproj", "{7318F227-0067-4667-B47C-D9FFDCCACBF3}"
EndProject
Project("{2150E333-8FDC-42A3-9474-1A3956D46DE8}") = "Task1", "Task1", "{0D86BB20-DEB9-43A3-923A-18CB829E6402}"
EndProject
Project("{8BC9CEB8-8B4A-11D0-8D11-00A0C91BC942}") = "Tyuiu.GoogeRA.Sprint0.Task1.V0", "Tyuiu.GoogeRA.Sprint0.Task1.V0\Tyuiu.GoogeRA.Sprint0.Task1.V0.vcxproj", "{64FC39BA-CCA0-4B70-A08B-41D284BC215E}"
EndProject
Project("{8BC9CEB8-8B4A-11D0-8D11-00A0C91BC942}") = "Tyuiu.GoogeRA.Sprint0.Task2.V0", "Tyuiu.GoogeRA.Sprint0.Task2.V0\Tyuiu.GoogeRA.Sprint0.Task2.V0.vcxproj", "{07621251-68E4-4953-9E65-2C4473DAFD1D}"
EndProject
Project("{8BC9CEB8-8B4A-11D0-8D11-00A0C91BC942}") = "Tyuiu.GoogeRA.Sprint0.Task2.V0.Lib", "Tyuiu.GoogeRA.Sprint0.Task2.V0.Lib\Tyuiu.GoogeRA.Sprint0.Task2.V0.Lib.vcxproj", "{8AAE318C-0405-49ED-B1DE-B4F38BCE0BC8}"
EndProject
Project("{8BC9CEB8-8B4A-11D0-8D11-00A0C91BC942}") = "Tyuiu.GoogeRA.Sprint0.Task1.V0.Test", "Tyuiu.GoogeRA.Sprint0.Task1.V0.Test\Tyuiu.GoogeRA.Sprint0.Task1.V0.Test.vcxproj", "{742A7E18-58EA-4B97-B638-3A834C7D69CA}"
EndProject
Project("{2150E333-8FDC-42A3-9474-1A3956D46DE8}") = "Task3", "Task3", "{962D4987-2BBA-41A6-8F8E-0EFED1941975}"
EndProject
Project("{2150E333-8FDC-42A3-9474-1A3956D46DE8}") = "Task2", "Task2", "{24261932-F6EF-4C74-9C86-A5813A5B20CC}"
EndProject
Project("{8BC9CEB8-8B4A-11D0-8D11-00A0C91BC942}") = "Tyuiu.GoogeRA.Sprint0.Task3.V0", "Tyuiu.GoogeRA.Sprint0.Task3.V0\Tyuiu.GoogeRA.Sprint0.Task3.V0.vcxproj", "{E829F0F6-75B1-46F7-9E60-B76AC0ABCDB9}"
EndProject
Project("{8BC9CEB8-8B4A-11D0-8D11-00A0C91BC942}") = "Tyuiu.GoogeRA.Sprint0.Task3.V0.Lib", "Tyuiu.GoogeRA.Sprint0.Task3.V0.Lib\Tyuiu.GoogeRA.Sprint0.Task3.V0.Lib.vcxproj", "{43B8882A-AAD4-4CAE-942D-2CDC7F1659A8}"
EndProject
Project("{8BC9CEB8-8B4A-11D0-8D11-00A0C91BC942}") = "Tyuiu.GoogeRA.Sprint0.Task3.V0.Test", "Tyuiu.GoogeRA.Sprint0.Task3.V0.Test\Tyuiu.GoogeRA.Sprint0.Task3.V0.Test.vcxproj", "{A2B4C7B4-B927-4A81-88C8-15A9040B4A30}"
EndProject
Project("{8BC9CEB8-8B4A-11D0-8D11-00A0C91BC942}") = "Tyuiu.Cours.cpp", "..\Tyuiu.Cours.cpp\Tyuiu.Cours.cpp.vcxproj", "{71667551-DC89-4E91-B409-EC47AE10CC12}"
EndProject
Project("{2150E333-8FDC-42A3-9474-1A3956D46DE8}") = "Task4", "Task4", "{FE2B32BF-88D8-450C-8B40-51A96EB7BDB9}"
EndProject
Project("{8BC9CEB8-8B4A-11D0-8D11-00A0C91BC942}") = "Tyuiu.GoogeRA.Sprint0.Task4.V0", "Tyuiu.GoogeRA.Sprint0.Task4.V0\Tyuiu.GoogeRA.Sprint0.Task4.V0.vcxproj", "{2E8C05CC-C487-4F6D-9BF4-4D6EEFB8A07E}"
EndProject
Project("{8BC9CEB8-8B4A-11D0-8D11-00A0C91BC942}") = "Tyuiu.GoogeRA.Sprint0.Task4.V1", "Tyuiu.GoogeRA.Sprint0.Task4.V1\Tyuiu.GoogeRA.Sprint0.Task4.V1.vcxproj", "{A6CA7584-55BA-422D-8F49-B096BC82EA39}"
EndProject
Project("{2150E333-8FDC-42A3-9474-1A3956D46DE8}") = "Task5", "Task5", "{7BD43A00-51F4-4871-91A5-2219FB17156C}"
EndProject
Project("{8BC9CEB8-8B4A-11D0-8D11-00A0C91BC942}") = "Tyuiu.GoogeRA.Sprint0.Task5.V0", "Tyuiu.GoogeRA.Sprint0.Task5.V0\Tyuiu.GoogeRA.Sprint0.Task5.V0.vcxproj", "{8D499072-AF2D-4BC1-9C37-B3C479830491}"
EndProject
Project("{8BC9CEB8-8B4A-11D0-8D11-00A0C91BC942}") = "Tyuiu.GoogeRA.Sprint0.Task5.V0.Test", "Tyuiu.GoogeRA.Sprint0.Task5.V0.Test\Tyuiu.GoogeRA.Sprint0.Task5.V0.Test.vcxproj", "{02BD4146-368E-4996-AB8F-9624D8CC33B9}"
EndProject
Project("{8BC9CEB8-8B4A-11D0-8D11-00A0C91BC942}") = "Tyuiu.GoogeRA.Sprint0.Task5.V0.Lib", "Tyuiu.GoogeRA.Sprint0.Task5.V0.Lib\Tyuiu.GoogeRA.Sprint0.Task5.V0.Lib.vcxproj", "{EAF4567F-059C-4B77-90B5-09283B7552C3}"
EndProject
Project("{8BC9CEB8-8B4A-11D0-8D11-00A0C91BC942}") = "Tyuiu.GoogeRA.Sprint0.Task5.V1.Test", "Tyuiu.GoogeRA.Sprint0.Task5.V1.Test\Tyuiu.GoogeRA.Sprint0.Task5.V1.Test.vcxproj", "{C678FED5-D138-45CE-8A20-E6DD6A9B9D90}"
EndProject
Project("{8BC9CEB8-8B4A-11D0-8D11-00A0C91BC942}") = "Tyuiu.GoogeRA.Sprint0.Task5.V2.Test", "Tyuiu.GoogeRA.Sprint0.Task5.V2.Test\Tyuiu.GoogeRA.Sprint0.Task5.V2.Test.vcxproj", "{7D6E8DDB-B476-416D-B58F-E86016EA306D}"
EndProject
Project("{8BC9CEB8-8B4A-11D0-8D11-00A0C91BC942}") = "Tyuiu.GoogeRA.Spint0.Task5.V3.Test", "Tyuiu.GoogeRA.Spint0.Task5.V3.Test\Tyuiu.GoogeRA.Spint0.Task5.V3.Test.vcxproj", "{6C2CF6BF-125E-45A8-990E-6C9FBAC98E32}"
EndProject
Project("{8BC9CEB8-8B4A-11D0-8D11-00A0C91BC942}") = "Tyuiu.GoogeRA.Sprint0.Task5.V4.Test", "Tyuiu.GoogeRA.Sprint0.Task5.V4.Test\Tyuiu.GoogeRA.Sprint0.Task5.V4.Test.vcxproj", "{3E4A33D0-003D-4A9D-B25C-992B89F64CF8}"
EndProject
Project("{8BC9CEB8-8B4A-11D0-8D11-00A0C91BC942}") = "Tyuiu.GoogeRA.Sprint0.Task4.V2", "Tyuiu.GoogeRA.Sprint0.Task4.V2\Tyuiu.GoogeRA.Sprint0.Task4.V2.vcxproj", "{BFE8B4C5-E435-4A24-8535-03D61A771CB0}"
EndProject
Project("{8BC9CEB8-8B4A-11D0-8D11-00A0C91BC942}") = "Tyuiu.GoogeRA.Sprint0.Task4.V0.Lib", "Tyuiu.GoogeRA.Sprint0.Task4.V0.Lib\Tyuiu.GoogeRA.Sprint0.Task4.V0.Lib.vcxproj", "{BEACF3C7-055D-42AD-81F6-9C38B1CBCEA1}"
EndProject
Project("{8BC9CEB8-8B4A-11D0-8D11-00A0C91BC942}") = "Tyuiu.GoogeRA.Sprint0.Task6.V0", "Tyuiu.GoogeRA.Sprint0.Task6.V0\Tyuiu.GoogeRA.Sprint0.Task6.V0.vcxproj", "{86735EE8-5C48-4E27-9CC0-843C9D2505F1}"
EndProject
Project("{8BC9CEB8-8B4A-11D0-8D11-00A0C91BC942}") = "Tyuiu.GoogeRA.Sprint0.Task6.V0.Lib", "Tyuiu.GoogeRA.Sprint0.Task6.V0.Lib\Tyuiu.GoogeRA.Sprint0.Task6.V0.Lib.vcxproj", "{B31E7B74-D74B-49A1-9C06-31AC80D4B39A}"
EndProject
Project("{8BC9CEB8-8B4A-11D0-8D11-00A0C91BC942}") = "Tyuiu.GoogeRA.Sprint0.Task6.V0.Test", "Tyuiu.GoogeRA.Sprint0.Task6.V0.Test\Tyuiu.GoogeRA.Sprint0.Task6.V0.Test.vcxproj", "{CDF26176-7EBE-4027-8C55-A1679803DD58}"
EndProject
Project("{8BC9CEB8-8B4A-11D0-8D11-00A0C91BC942}") = "Tyuiu.GoogeRA.Sprint0.Task6.V1.Test", "Tyuiu.GoogeRA.Sprint0.Task6.V1.Test\Tyuiu.GoogeRA.Sprint0.Task6.V1.Test.vcxproj", "{FA532D68-C465-4061-89D0-7E6337083291}"
EndProject
Project("{8BC9CEB8-8B4A-11D0-8D11-00A0C91BC942}") = "Tyuiu.GoogeRA.Sprint0.Task6.V2.Test", "Tyuiu.GoogeRA.Sprint0.Task6.V2.Test\Tyuiu.GoogeRA.Sprint0.Task6.V2.Test.vcxproj", "{54DB55DF-77CD-400E-B43B-EFDB940651EF}"
EndProject
Project("{8BC9CEB8-8B4A-11D0-8D11-00A0C91BC942}") = "Tyuiu.GoogeRA.Sprint0.Task6.V3.Test", "Tyuiu.GoogeRA.Sprint0.Task6.V3.Test\Tyuiu.GoogeRA.Sprint0.Task6.V3.Test.vcxproj", "{8661A4CF-7268-4CB1-B6BB-F5883A98232A}"
EndProject
Project("{8BC9CEB8-8B4A-11D0-8D11-00A0C91BC942}") = "Tyuiu.GoogeRA.Sprint0.Task6.V4.Test", "Tyuiu.GoogeRA.Sprint0.Task6.V4.Test\Tyuiu.GoogeRA.Sprint0.Task6.V4.Test.vcxproj", "{66B7D2F5-C088-4258-AE89-2198FFFC3C08}"
EndProject
Project("{2150E333-8FDC-42A3-9474-1A3956D46DE8}") = "Task6", "Task6", "{16AC6480-5736-42B7-B555-F8E86E1C9950}"
EndProject
Project("{8BC9CEB8-8B4A-11D0-8D11-00A0C91BC942}") = "Tyuiu.GoogeRA.Sprint0.Task7.V0", "Tyuiu.GoogeRA.Sprint0.Task7.V0\Tyuiu.GoogeRA.Sprint0.Task7.V0.vcxproj", "{91DAB766-F3C3-4FC5-BFA1-D426BF7BEB55}"
EndProject
Project("{8BC9CEB8-8B4A-11D0-8D11-00A0C91BC942}") = "Tyuiu.GoogeRA.Sprint0.Task7.V0.Lib", "Tyuiu.GoogeRA.Sprint0.Task7.V0.Lib\Tyuiu.GoogeRA.Sprint0.Task7.V0.Lib.vcxproj", "{D31BC6C0-7F79-4786-8512-C01A75DAB245}"
EndProject
Project("{8BC9CEB8-8B4A-11D0-8D11-00A0C91BC942}") = "Tyuiu.GoogeRA.Sprint0.Task7.V0.Test", "Tyuiu.GoogeRA.Sprint0.Task7.V0.Test\Tyuiu.GoogeRA.Sprint0.Task7.V0.Test.vcxproj", "{3A09B29F-EFD6-47D7-9244-6C0971651356}"
EndProject
Project("{8BC9CEB8-8B4A-11D0-8D11-00A0C91BC942}") = "Tyuiu.GoogeRA.Sprint0.Task7.V1.Test", "Tyuiu.GoogeRA.Sprint0.Task7.V1.Test\Tyuiu.GoogeRA.Sprint0.Task7.V1.Test.vcxproj", "{85A2563B-AD5D-47DB-B5A0-4F60DAA22CD7}"
EndProject
Project("{8BC9CEB8-8B4A-11D0-8D11-00A0C91BC942}") = "Tyuiu.GoogeRA.Sprint0.Task7.V2.Test", "Tyuiu.GoogeRA.Sprint0.Task7.V2.Test\Tyuiu.GoogeRA.Sprint0.Task7.V2.Test.vcxproj", "{FCFE0332-8B49-4BE1-9BCA-7F30D12A22D2}"
EndProject
Project("{2150E333-8FDC-42A3-9474-1A3956D46DE8}") = "Task7", "Task7", "{128F192D-56E3-4CE4-AE3D-82B2E662947A}"
EndProject
Project("{8BC9CEB8-8B4A-11D0-8D11-00A0C91BC942}") = "Tyuiu.GoogeRA.Sprint0.Task7.V3.Test", "Tyuiu.GoogeRA.Sprint0.Task7.V3.Test\Tyuiu.GoogeRA.Sprint0.Task7.V3.Test.vcxproj", "{5754C702-A6E6-4D59-B22E-F5BCF5F93944}"
EndProject
Project("{8BC9CEB8-8B4A-11D0-8D11-00A0C91BC942}") = "Tyuiu.GoogeRA.Sprint0.Task7.V4.Test", "Tyuiu.GoogeRA.Sprint0.Task7.V4.Test\Tyuiu.GoogeRA.Sprint0.Task7.V4.Test.vcxproj", "{9F4DFC1F-5E32-4860-8620-5E445161B1FA}"
EndProject
Global
	GlobalSection(SolutionConfigurationPlatforms) = preSolution
		Debug|x64 = Debug|x64
		Debug|x86 = Debug|x86
		Release|x64 = Release|x64
		Release|x86 = Release|x86
	EndGlobalSection
	GlobalSection(ProjectConfigurationPlatforms) = postSolution
		{7318F227-0067-4667-B47C-D9FFDCCACBF3}.Debug|x64.ActiveCfg = Debug|x64
		{7318F227-0067-4667-B47C-D9FFDCCACBF3}.Debug|x64.Build.0 = Debug|x64
		{7318F227-0067-4667-B47C-D9FFDCCACBF3}.Debug|x86.ActiveCfg = Debug|Win32
		{7318F227-0067-4667-B47C-D9FFDCCACBF3}.Debug|x86.Build.0 = Debug|Win32
		{7318F227-0067-4667-B47C-D9FFDCCACBF3}.Release|x64.ActiveCfg = Release|x64
		{7318F227-0067-4667-B47C-D9FFDCCACBF3}.Release|x64.Build.0 = Release|x64
		{7318F227-0067-4667-B47C-D9FFDCCACBF3}.Release|x86.ActiveCfg = Release|Win32
		{7318F227-0067-4667-B47C-D9FFDCCACBF3}.Release|x86.Build.0 = Release|Win32
		{64FC39BA-CCA0-4B70-A08B-41D284BC215E}.Debug|x64.ActiveCfg = Debug|x64
		{64FC39BA-CCA0-4B70-A08B-41D284BC215E}.Debug|x64.Build.0 = Debug|x64
		{64FC39BA-CCA0-4B70-A08B-41D284BC215E}.Debug|x86.ActiveCfg = Debug|Win32
		{64FC39BA-CCA0-4B70-A08B-41D284BC215E}.Debug|x86.Build.0 = Debug|Win32
		{64FC39BA-CCA0-4B70-A08B-41D284BC215E}.Release|x64.ActiveCfg = Release|x64
		{64FC39BA-CCA0-4B70-A08B-41D284BC215E}.Release|x64.Build.0 = Release|x64
		{64FC39BA-CCA0-4B70-A08B-41D284BC215E}.Release|x86.ActiveCfg = Release|Win32
		{64FC39BA-CCA0-4B70-A08B-41D284BC215E}.Release|x86.Build.0 = Release|Win32
		{07621251-68E4-4953-9E65-2C4473DAFD1D}.Debug|x64.ActiveCfg = Debug|x64
		{07621251-68E4-4953-9E65-2C4473DAFD1D}.Debug|x64.Build.0 = Debug|x64
		{07621251-68E4-4953-9E65-2C4473DAFD1D}.Debug|x86.ActiveCfg = Debug|Win32
		{07621251-68E4-4953-9E65-2C4473DAFD1D}.Debug|x86.Build.0 = Debug|Win32
		{07621251-68E4-4953-9E65-2C4473DAFD1D}.Release|x64.ActiveCfg = Release|x64
		{07621251-68E4-4953-9E65-2C4473DAFD1D}.Release|x64.Build.0 = Release|x64
		{07621251-68E4-4953-9E65-2C4473DAFD1D}.Release|x86.ActiveCfg = Release|Win32
		{07621251-68E4-4953-9E65-2C4473DAFD1D}.Release|x86.Build.0 = Release|Win32
		{8AAE318C-0405-49ED-B1DE-B4F38BCE0BC8}.Debug|x64.ActiveCfg = Debug|x64
		{8AAE318C-0405-49ED-B1DE-B4F38BCE0BC8}.Debug|x64.Build.0 = Debug|x64
		{8AAE318C-0405-49ED-B1DE-B4F38BCE0BC8}.Debug|x86.ActiveCfg = Debug|Win32
		{8AAE318C-0405-49ED-B1DE-B4F38BCE0BC8}.Debug|x86.Build.0 = Debug|Win32
		{8AAE318C-0405-49ED-B1DE-B4F38BCE0BC8}.Release|x64.ActiveCfg = Release|x64
		{8AAE318C-0405-49ED-B1DE-B4F38BCE0BC8}.Release|x64.Build.0 = Release|x64
		{8AAE318C-0405-49ED-B1DE-B4F38BCE0BC8}.Release|x86.ActiveCfg = Release|Win32
		{8AAE318C-0405-49ED-B1DE-B4F38BCE0BC8}.Release|x86.Build.0 = Release|Win32
		{742A7E18-58EA-4B97-B638-3A834C7D69CA}.Debug|x64.ActiveCfg = Debug|x64
		{742A7E18-58EA-4B97-B638-3A834C7D69CA}.Debug|x64.Build.0 = Debug|x64
		{742A7E18-58EA-4B97-B638-3A834C7D69CA}.Debug|x86.ActiveCfg = Debug|Win32
		{742A7E18-58EA-4B97-B638-3A834C7D69CA}.Debug|x86.Build.0 = Debug|Win32
		{742A7E18-58EA-4B97-B638-3A834C7D69CA}.Release|x64.ActiveCfg = Release|x64
		{742A7E18-58EA-4B97-B638-3A834C7D69CA}.Release|x64.Build.0 = Release|x64
		{742A7E18-58EA-4B97-B638-3A834C7D69CA}.Release|x86.ActiveCfg = Release|Win32
		{742A7E18-58EA-4B97-B638-3A834C7D69CA}.Release|x86.Build.0 = Release|Win32
		{E829F0F6-75B1-46F7-9E60-B76AC0ABCDB9}.Debug|x64.ActiveCfg = Debug|x64
		{E829F0F6-75B1-46F7-9E60-B76AC0ABCDB9}.Debug|x64.Build.0 = Debug|x64
		{E829F0F6-75B1-46F7-9E60-B76AC0ABCDB9}.Debug|x86.ActiveCfg = Debug|Win32
		{E829F0F6-75B1-46F7-9E60-B76AC0ABCDB9}.Debug|x86.Build.0 = Debug|Win32
		{E829F0F6-75B1-46F7-9E60-B76AC0ABCDB9}.Release|x64.ActiveCfg = Release|x64
		{E829F0F6-75B1-46F7-9E60-B76AC0ABCDB9}.Release|x64.Build.0 = Release|x64
		{E829F0F6-75B1-46F7-9E60-B76AC0ABCDB9}.Release|x86.ActiveCfg = Release|Win32
		{E829F0F6-75B1-46F7-9E60-B76AC0ABCDB9}.Release|x86.Build.0 = Release|Win32
		{43B8882A-AAD4-4CAE-942D-2CDC7F1659A8}.Debug|x64.ActiveCfg = Debug|x64
		{43B8882A-AAD4-4CAE-942D-2CDC7F1659A8}.Debug|x64.Build.0 = Debug|x64
		{43B8882A-AAD4-4CAE-942D-2CDC7F1659A8}.Debug|x86.ActiveCfg = Debug|Win32
		{43B8882A-AAD4-4CAE-942D-2CDC7F1659A8}.Debug|x86.Build.0 = Debug|Win32
		{43B8882A-AAD4-4CAE-942D-2CDC7F1659A8}.Release|x64.ActiveCfg = Release|x64
		{43B8882A-AAD4-4CAE-942D-2CDC7F1659A8}.Release|x64.Build.0 = Release|x64
		{43B8882A-AAD4-4CAE-942D-2CDC7F1659A8}.Release|x86.ActiveCfg = Release|Win32
		{43B8882A-AAD4-4CAE-942D-2CDC7F1659A8}.Release|x86.Build.0 = Release|Win32
		{A2B4C7B4-B927-4A81-88C8-15A9040B4A30}.Debug|x64.ActiveCfg = Debug|x64
		{A2B4C7B4-B927-4A81-88C8-15A9040B4A30}.Debug|x64.Build.0 = Debug|x64
		{A2B4C7B4-B927-4A81-88C8-15A9040B4A30}.Debug|x86.ActiveCfg = Debug|Win32
		{A2B4C7B4-B927-4A81-88C8-15A9040B4A30}.Debug|x86.Build.0 = Debug|Win32
		{A2B4C7B4-B927-4A81-88C8-15A9040B4A30}.Release|x64.ActiveCfg = Release|x64
		{A2B4C7B4-B927-4A81-88C8-15A9040B4A30}.Release|x64.Build.0 = Release|x64
		{A2B4C7B4-B927-4A81-88C8-15A9040B4A30}.Release|x86.ActiveCfg = Release|Win32
		{A2B4C7B4-B927-4A81-88C8-15A9040B4A30}.Release|x86.Build.0 = Release|Win32
		{71667551-DC89-4E91-B409-EC47AE10CC12}.Debug|x64.ActiveCfg = Debug|x64
		{71667551-DC89-4E91-B409-EC47AE10CC12}.Debug|x64.Build.0 = Debug|x64
		{71667551-DC89-4E91-B409-EC47AE10CC12}.Debug|x86.ActiveCfg = Debug|Win32
		{71667551-DC89-4E91-B409-EC47AE10CC12}.Debug|x86.Build.0 = Debug|Win32
		{71667551-DC89-4E91-B409-EC47AE10CC12}.Release|x64.ActiveCfg = Release|x64
		{71667551-DC89-4E91-B409-EC47AE10CC12}.Release|x64.Build.0 = Release|x64
		{71667551-DC89-4E91-B409-EC47AE10CC12}.Release|x86.ActiveCfg = Release|Win32
		{71667551-DC89-4E91-B409-EC47AE10CC12}.Release|x86.Build.0 = Release|Win32
		{2E8C05CC-C487-4F6D-9BF4-4D6EEFB8A07E}.Debug|x64.ActiveCfg = Debug|x64
		{2E8C05CC-C487-4F6D-9BF4-4D6EEFB8A07E}.Debug|x64.Build.0 = Debug|x64
		{2E8C05CC-C487-4F6D-9BF4-4D6EEFB8A07E}.Debug|x86.ActiveCfg = Debug|Win32
		{2E8C05CC-C487-4F6D-9BF4-4D6EEFB8A07E}.Debug|x86.Build.0 = Debug|Win32
		{2E8C05CC-C487-4F6D-9BF4-4D6EEFB8A07E}.Release|x64.ActiveCfg = Release|x64
		{2E8C05CC-C487-4F6D-9BF4-4D6EEFB8A07E}.Release|x64.Build.0 = Release|x64
		{2E8C05CC-C487-4F6D-9BF4-4D6EEFB8A07E}.Release|x86.ActiveCfg = Release|Win32
		{2E8C05CC-C487-4F6D-9BF4-4D6EEFB8A07E}.Release|x86.Build.0 = Release|Win32
		{A6CA7584-55BA-422D-8F49-B096BC82EA39}.Debug|x64.ActiveCfg = Debug|x64
		{A6CA7584-55BA-422D-8F49-B096BC82EA39}.Debug|x64.Build.0 = Debug|x64
		{A6CA7584-55BA-422D-8F49-B096BC82EA39}.Debug|x86.ActiveCfg = Debug|Win32
		{A6CA7584-55BA-422D-8F49-B096BC82EA39}.Debug|x86.Build.0 = Debug|Win32
		{A6CA7584-55BA-422D-8F49-B096BC82EA39}.Release|x64.ActiveCfg = Release|x64
		{A6CA7584-55BA-422D-8F49-B096BC82EA39}.Release|x64.Build.0 = Release|x64
		{A6CA7584-55BA-422D-8F49-B096BC82EA39}.Release|x86.ActiveCfg = Release|Win32
		{A6CA7584-55BA-422D-8F49-B096BC82EA39}.Release|x86.Build.0 = Release|Win32
		{8D499072-AF2D-4BC1-9C37-B3C479830491}.Debug|x64.ActiveCfg = Debug|x64
		{8D499072-AF2D-4BC1-9C37-B3C479830491}.Debug|x64.Build.0 = Debug|x64
		{8D499072-AF2D-4BC1-9C37-B3C479830491}.Debug|x86.ActiveCfg = Debug|Win32
		{8D499072-AF2D-4BC1-9C37-B3C479830491}.Debug|x86.Build.0 = Debug|Win32
		{8D499072-AF2D-4BC1-9C37-B3C479830491}.Release|x64.ActiveCfg = Release|x64
		{8D499072-AF2D-4BC1-9C37-B3C479830491}.Release|x64.Build.0 = Release|x64
		{8D499072-AF2D-4BC1-9C37-B3C479830491}.Release|x86.ActiveCfg = Release|Win32
		{8D499072-AF2D-4BC1-9C37-B3C479830491}.Release|x86.Build.0 = Release|Win32
		{02BD4146-368E-4996-AB8F-9624D8CC33B9}.Debug|x64.ActiveCfg = Debug|x64
		{02BD4146-368E-4996-AB8F-9624D8CC33B9}.Debug|x64.Build.0 = Debug|x64
		{02BD4146-368E-4996-AB8F-9624D8CC33B9}.Debug|x86.ActiveCfg = Debug|Win32
		{02BD4146-368E-4996-AB8F-9624D8CC33B9}.Debug|x86.Build.0 = Debug|Win32
		{02BD4146-368E-4996-AB8F-9624D8CC33B9}.Release|x64.ActiveCfg = Release|x64
		{02BD4146-368E-4996-AB8F-9624D8CC33B9}.Release|x64.Build.0 = Release|x64
		{02BD4146-368E-4996-AB8F-9624D8CC33B9}.Release|x86.ActiveCfg = Release|Win32
		{02BD4146-368E-4996-AB8F-9624D8CC33B9}.Release|x86.Build.0 = Release|Win32
		{EAF4567F-059C-4B77-90B5-09283B7552C3}.Debug|x64.ActiveCfg = Debug|x64
		{EAF4567F-059C-4B77-90B5-09283B7552C3}.Debug|x64.Build.0 = Debug|x64
		{EAF4567F-059C-4B77-90B5-09283B7552C3}.Debug|x86.ActiveCfg = Debug|Win32
		{EAF4567F-059C-4B77-90B5-09283B7552C3}.Debug|x86.Build.0 = Debug|Win32
		{EAF4567F-059C-4B77-90B5-09283B7552C3}.Release|x64.ActiveCfg = Release|x64
		{EAF4567F-059C-4B77-90B5-09283B7552C3}.Release|x64.Build.0 = Release|x64
		{EAF4567F-059C-4B77-90B5-09283B7552C3}.Release|x86.ActiveCfg = Release|Win32
		{EAF4567F-059C-4B77-90B5-09283B7552C3}.Release|x86.Build.0 = Release|Win32
		{C678FED5-D138-45CE-8A20-E6DD6A9B9D90}.Debug|x64.ActiveCfg = Debug|x64
		{C678FED5-D138-45CE-8A20-E6DD6A9B9D90}.Debug|x64.Build.0 = Debug|x64
		{C678FED5-D138-45CE-8A20-E6DD6A9B9D90}.Debug|x86.ActiveCfg = Debug|Win32
		{C678FED5-D138-45CE-8A20-E6DD6A9B9D90}.Debug|x86.Build.0 = Debug|Win32
		{C678FED5-D138-45CE-8A20-E6DD6A9B9D90}.Release|x64.ActiveCfg = Release|x64
		{C678FED5-D138-45CE-8A20-E6DD6A9B9D90}.Release|x64.Build.0 = Release|x64
		{C678FED5-D138-45CE-8A20-E6DD6A9B9D90}.Release|x86.ActiveCfg = Release|Win32
		{C678FED5-D138-45CE-8A20-E6DD6A9B9D90}.Release|x86.Build.0 = Release|Win32
		{7D6E8DDB-B476-416D-B58F-E86016EA306D}.Debug|x64.ActiveCfg = Debug|x64
		{7D6E8DDB-B476-416D-B58F-E86016EA306D}.Debug|x64.Build.0 = Debug|x64
		{7D6E8DDB-B476-416D-B58F-E86016EA306D}.Debug|x86.ActiveCfg = Debug|Win32
		{7D6E8DDB-B476-416D-B58F-E86016EA306D}.Debug|x86.Build.0 = Debug|Win32
		{7D6E8DDB-B476-416D-B58F-E86016EA306D}.Release|x64.ActiveCfg = Release|x64
		{7D6E8DDB-B476-416D-B58F-E86016EA306D}.Release|x64.Build.0 = Release|x64
		{7D6E8DDB-B476-416D-B58F-E86016EA306D}.Release|x86.ActiveCfg = Release|Win32
		{7D6E8DDB-B476-416D-B58F-E86016EA306D}.Release|x86.Build.0 = Release|Win32
		{6C2CF6BF-125E-45A8-990E-6C9FBAC98E32}.Debug|x64.ActiveCfg = Debug|x64
		{6C2CF6BF-125E-45A8-990E-6C9FBAC98E32}.Debug|x64.Build.0 = Debug|x64
		{6C2CF6BF-125E-45A8-990E-6C9FBAC98E32}.Debug|x86.ActiveCfg = Debug|Win32
		{6C2CF6BF-125E-45A8-990E-6C9FBAC98E32}.Debug|x86.Build.0 = Debug|Win32
		{6C2CF6BF-125E-45A8-990E-6C9FBAC98E32}.Release|x64.ActiveCfg = Release|x64
		{6C2CF6BF-125E-45A8-990E-6C9FBAC98E32}.Release|x64.Build.0 = Release|x64
		{6C2CF6BF-125E-45A8-990E-6C9FBAC98E32}.Release|x86.ActiveCfg = Release|Win32
		{6C2CF6BF-125E-45A8-990E-6C9FBAC98E32}.Release|x86.Build.0 = Release|Win32
		{3E4A33D0-003D-4A9D-B25C-992B89F64CF8}.Debug|x64.ActiveCfg = Debug|x64
		{3E4A33D0-003D-4A9D-B25C-992B89F64CF8}.Debug|x64.Build.0 = Debug|x64
		{3E4A33D0-003D-4A9D-B25C-992B89F64CF8}.Debug|x86.ActiveCfg = Debug|Win32
		{3E4A33D0-003D-4A9D-B25C-992B89F64CF8}.Debug|x86.Build.0 = Debug|Win32
		{3E4A33D0-003D-4A9D-B25C-992B89F64CF8}.Release|x64.ActiveCfg = Release|x64
		{3E4A33D0-003D-4A9D-B25C-992B89F64CF8}.Release|x64.Build.0 = Release|x64
		{3E4A33D0-003D-4A9D-B25C-992B89F64CF8}.Release|x86.ActiveCfg = Release|Win32
		{3E4A33D0-003D-4A9D-B25C-992B89F64CF8}.Release|x86.Build.0 = Release|Win32
		{BFE8B4C5-E435-4A24-8535-03D61A771CB0}.Debug|x64.ActiveCfg = Debug|x64
		{BFE8B4C5-E435-4A24-8535-03D61A771CB0}.Debug|x64.Build.0 = Debug|x64
		{BFE8B4C5-E435-4A24-8535-03D61A771CB0}.Debug|x86.ActiveCfg = Debug|Win32
		{BFE8B4C5-E435-4A24-8535-03D61A771CB0}.Debug|x86.Build.0 = Debug|Win32
		{BFE8B4C5-E435-4A24-8535-03D61A771CB0}.Release|x64.ActiveCfg = Release|x64
		{BFE8B4C5-E435-4A24-8535-03D61A771CB0}.Release|x64.Build.0 = Release|x64
		{BFE8B4C5-E435-4A24-8535-03D61A771CB0}.Release|x86.ActiveCfg = Release|Win32
		{BFE8B4C5-E435-4A24-8535-03D61A771CB0}.Release|x86.Build.0 = Release|Win32
		{BEACF3C7-055D-42AD-81F6-9C38B1CBCEA1}.Debug|x64.ActiveCfg = Debug|x64
		{BEACF3C7-055D-42AD-81F6-9C38B1CBCEA1}.Debug|x64.Build.0 = Debug|x64
		{BEACF3C7-055D-42AD-81F6-9C38B1CBCEA1}.Debug|x86.ActiveCfg = Debug|Win32
		{BEACF3C7-055D-42AD-81F6-9C38B1CBCEA1}.Debug|x86.Build.0 = Debug|Win32
		{BEACF3C7-055D-42AD-81F6-9C38B1CBCEA1}.Release|x64.ActiveCfg = Release|x64
		{BEACF3C7-055D-42AD-81F6-9C38B1CBCEA1}.Release|x64.Build.0 = Release|x64
		{BEACF3C7-055D-42AD-81F6-9C38B1CBCEA1}.Release|x86.ActiveCfg = Release|Win32
		{BEACF3C7-055D-42AD-81F6-9C38B1CBCEA1}.Release|x86.Build.0 = Release|Win32
		{86735EE8-5C48-4E27-9CC0-843C9D2505F1}.Debug|x64.ActiveCfg = Debug|x64
		{86735EE8-5C48-4E27-9CC0-843C9D2505F1}.Debug|x64.Build.0 = Debug|x64
		{86735EE8-5C48-4E27-9CC0-843C9D2505F1}.Debug|x86.ActiveCfg = Debug|Win32
		{86735EE8-5C48-4E27-9CC0-843C9D2505F1}.Debug|x86.Build.0 = Debug|Win32
		{86735EE8-5C48-4E27-9CC0-843C9D2505F1}.Release|x64.ActiveCfg = Release|x64
		{86735EE8-5C48-4E27-9CC0-843C9D2505F1}.Release|x64.Build.0 = Release|x64
		{86735EE8-5C48-4E27-9CC0-843C9D2505F1}.Release|x86.ActiveCfg = Release|Win32
		{86735EE8-5C48-4E27-9CC0-843C9D2505F1}.Release|x86.Build.0 = Release|Win32
		{B31E7B74-D74B-49A1-9C06-31AC80D4B39A}.Debug|x64.ActiveCfg = Debug|x64
		{B31E7B74-D74B-49A1-9C06-31AC80D4B39A}.Debug|x64.Build.0 = Debug|x64
		{B31E7B74-D74B-49A1-9C06-31AC80D4B39A}.Debug|x86.ActiveCfg = Debug|Win32
		{B31E7B74-D74B-49A1-9C06-31AC80D4B39A}.Debug|x86.Build.0 = Debug|Win32
		{B31E7B74-D74B-49A1-9C06-31AC80D4B39A}.Release|x64.ActiveCfg = Release|x64
		{B31E7B74-D74B-49A1-9C06-31AC80D4B39A}.Release|x64.Build.0 = Release|x64
		{B31E7B74-D74B-49A1-9C06-31AC80D4B39A}.Release|x86.ActiveCfg = Release|Win32
		{B31E7B74-D74B-49A1-9C06-31AC80D4B39A}.Release|x86.Build.0 = Release|Win32
		{CDF26176-7EBE-4027-8C55-A1679803DD58}.Debug|x64.ActiveCfg = Debug|x64
		{CDF26176-7EBE-4027-8C55-A1679803DD58}.Debug|x64.Build.0 = Debug|x64
		{CDF26176-7EBE-4027-8C55-A1679803DD58}.Debug|x86.ActiveCfg = Debug|Win32
		{CDF26176-7EBE-4027-8C55-A1679803DD58}.Debug|x86.Build.0 = Debug|Win32
		{CDF26176-7EBE-4027-8C55-A1679803DD58}.Release|x64.ActiveCfg = Release|x64
		{CDF26176-7EBE-4027-8C55-A1679803DD58}.Release|x64.Build.0 = Release|x64
		{CDF26176-7EBE-4027-8C55-A1679803DD58}.Release|x86.ActiveCfg = Release|Win32
		{CDF26176-7EBE-4027-8C55-A1679803DD58}.Release|x86.Build.0 = Release|Win32
		{FA532D68-C465-4061-89D0-7E6337083291}.Debug|x64.ActiveCfg = Debug|x64
		{FA532D68-C465-4061-89D0-7E6337083291}.Debug|x64.Build.0 = Debug|x64
		{FA532D68-C465-4061-89D0-7E6337083291}.Debug|x86.ActiveCfg = Debug|Win32
		{FA532D68-C465-4061-89D0-7E6337083291}.Debug|x86.Build.0 = Debug|Win32
		{FA532D68-C465-4061-89D0-7E6337083291}.Release|x64.ActiveCfg = Release|x64
		{FA532D68-C465-4061-89D0-7E6337083291}.Release|x64.Build.0 = Release|x64
		{FA532D68-C465-4061-89D0-7E6337083291}.Release|x86.ActiveCfg = Release|Win32
		{FA532D68-C465-4061-89D0-7E6337083291}.Release|x86.Build.0 = Release|Win32
		{54DB55DF-77CD-400E-B43B-EFDB940651EF}.Debug|x64.ActiveCfg = Debug|x64
		{54DB55DF-77CD-400E-B43B-EFDB940651EF}.Debug|x64.Build.0 = Debug|x64
		{54DB55DF-77CD-400E-B43B-EFDB940651EF}.Debug|x86.ActiveCfg = Debug|Win32
		{54DB55DF-77CD-400E-B43B-EFDB940651EF}.Debug|x86.Build.0 = Debug|Win32
		{54DB55DF-77CD-400E-B43B-EFDB940651EF}.Release|x64.ActiveCfg = Release|x64
		{54DB55DF-77CD-400E-B43B-EFDB940651EF}.Release|x64.Build.0 = Release|x64
		{54DB55DF-77CD-400E-B43B-EFDB940651EF}.Release|x86.ActiveCfg = Release|Win32
		{54DB55DF-77CD-400E-B43B-EFDB940651EF}.Release|x86.Build.0 = Release|Win32
		{8661A4CF-7268-4CB1-B6BB-F5883A98232A}.Debug|x64.ActiveCfg = Debug|x64
		{8661A4CF-7268-4CB1-B6BB-F5883A98232A}.Debug|x64.Build.0 = Debug|x64
		{8661A4CF-7268-4CB1-B6BB-F5883A98232A}.Debug|x86.ActiveCfg = Debug|Win32
		{8661A4CF-7268-4CB1-B6BB-F5883A98232A}.Debug|x86.Build.0 = Debug|Win32
		{8661A4CF-7268-4CB1-B6BB-F5883A98232A}.Release|x64.ActiveCfg = Release|x64
		{8661A4CF-7268-4CB1-B6BB-F5883A98232A}.Release|x64.Build.0 = Release|x64
		{8661A4CF-7268-4CB1-B6BB-F5883A98232A}.Release|x86.ActiveCfg = Release|Win32
		{8661A4CF-7268-4CB1-B6BB-F5883A98232A}.Release|x86.Build.0 = Release|Win32
		{66B7D2F5-C088-4258-AE89-2198FFFC3C08}.Debug|x64.ActiveCfg = Debug|x64
		{66B7D2F5-C088-4258-AE89-2198FFFC3C08}.Debug|x64.Build.0 = Debug|x64
		{66B7D2F5-C088-4258-AE89-2198FFFC3C08}.Debug|x86.ActiveCfg = Debug|Win32
		{66B7D2F5-C088-4258-AE89-2198FFFC3C08}.Debug|x86.Build.0 = Debug|Win32
		{66B7D2F5-C088-4258-AE89-2198FFFC3C08}.Release|x64.ActiveCfg = Release|x64
		{66B7D2F5-C088-4258-AE89-2198FFFC3C08}.Release|x64.Build.0 = Release|x64
		{66B7D2F5-C088-4258-AE89-2198FFFC3C08}.Release|x86.ActiveCfg = Release|Win32
		{66B7D2F5-C088-4258-AE89-2198FFFC3C08}.Release|x86.Build.0 = Release|Win32
		{91DAB766-F3C3-4FC5-BFA1-D426BF7BEB55}.Debug|x64.ActiveCfg = Debug|x64
		{91DAB766-F3C3-4FC5-BFA1-D426BF7BEB55}.Debug|x64.Build.0 = Debug|x64
		{91DAB766-F3C3-4FC5-BFA1-D426BF7BEB55}.Debug|x86.ActiveCfg = Debug|Win32
		{91DAB766-F3C3-4FC5-BFA1-D426BF7BEB55}.Debug|x86.Build.0 = Debug|Win32
		{91DAB766-F3C3-4FC5-BFA1-D426BF7BEB55}.Release|x64.ActiveCfg = Release|x64
		{91DAB766-F3C3-4FC5-BFA1-D426BF7BEB55}.Release|x64.Build.0 = Release|x64
		{91DAB766-F3C3-4FC5-BFA1-D426BF7BEB55}.Release|x86.ActiveCfg = Release|Win32
		{91DAB766-F3C3-4FC5-BFA1-D426BF7BEB55}.Release|x86.Build.0 = Release|Win32
		{D31BC6C0-7F79-4786-8512-C01A75DAB245}.Debug|x64.ActiveCfg = Debug|x64
		{D31BC6C0-7F79-4786-8512-C01A75DAB245}.Debug|x64.Build.0 = Debug|x64
		{D31BC6C0-7F79-4786-8512-C01A75DAB245}.Debug|x86.ActiveCfg = Debug|Win32
		{D31BC6C0-7F79-4786-8512-C01A75DAB245}.Debug|x86.Build.0 = Debug|Win32
		{D31BC6C0-7F79-4786-8512-C01A75DAB245}.Release|x64.ActiveCfg = Release|x64
		{D31BC6C0-7F79-4786-8512-C01A75DAB245}.Release|x64.Build.0 = Release|x64
		{D31BC6C0-7F79-4786-8512-C01A75DAB245}.Release|x86.ActiveCfg = Release|Win32
		{D31BC6C0-7F79-4786-8512-C01A75DAB245}.Release|x86.Build.0 = Release|Win32
		{3A09B29F-EFD6-47D7-9244-6C0971651356}.Debug|x64.ActiveCfg = Debug|x64
		{3A09B29F-EFD6-47D7-9244-6C0971651356}.Debug|x64.Build.0 = Debug|x64
		{3A09B29F-EFD6-47D7-9244-6C0971651356}.Debug|x86.ActiveCfg = Debug|Win32
		{3A09B29F-EFD6-47D7-9244-6C0971651356}.Debug|x86.Build.0 = Debug|Win32
		{3A09B29F-EFD6-47D7-9244-6C0971651356}.Release|x64.ActiveCfg = Release|x64
		{3A09B29F-EFD6-47D7-9244-6C0971651356}.Release|x64.Build.0 = Release|x64
		{3A09B29F-EFD6-47D7-9244-6C0971651356}.Release|x86.ActiveCfg = Release|Win32
		{3A09B29F-EFD6-47D7-9244-6C0971651356}.Release|x86.Build.0 = Release|Win32
		{85A2563B-AD5D-47DB-B5A0-4F60DAA22CD7}.Debug|x64.ActiveCfg = Debug|x64
		{85A2563B-AD5D-47DB-B5A0-4F60DAA22CD7}.Debug|x64.Build.0 = Debug|x64
		{85A2563B-AD5D-47DB-B5A0-4F60DAA22CD7}.Debug|x86.ActiveCfg = Debug|Win32
		{85A2563B-AD5D-47DB-B5A0-4F60DAA22CD7}.Debug|x86.Build.0 = Debug|Win32
		{85A2563B-AD5D-47DB-B5A0-4F60DAA22CD7}.Release|x64.ActiveCfg = Release|x64
		{85A2563B-AD5D-47DB-B5A0-4F60DAA22CD7}.Release|x64.Build.0 = Release|x64
		{85A2563B-AD5D-47DB-B5A0-4F60DAA22CD7}.Release|x86.ActiveCfg = Release|Win32
		{85A2563B-AD5D-47DB-B5A0-4F60DAA22CD7}.Release|x86.Build.0 = Release|Win32
		{FCFE0332-8B49-4BE1-9BCA-7F30D12A22D2}.Debug|x64.ActiveCfg = Debug|x64
		{FCFE0332-8B49-4BE1-9BCA-7F30D12A22D2}.Debug|x64.Build.0 = Debug|x64
		{FCFE0332-8B49-4BE1-9BCA-7F30D12A22D2}.Debug|x86.ActiveCfg = Debug|Win32
		{FCFE0332-8B49-4BE1-9BCA-7F30D12A22D2}.Debug|x86.Build.0 = Debug|Win32
		{FCFE0332-8B49-4BE1-9BCA-7F30D12A22D2}.Release|x64.ActiveCfg = Release|x64
		{FCFE0332-8B49-4BE1-9BCA-7F30D12A22D2}.Release|x64.Build.0 = Release|x64
		{FCFE0332-8B49-4BE1-9BCA-7F30D12A22D2}.Release|x86.ActiveCfg = Release|Win32
		{FCFE0332-8B49-4BE1-9BCA-7F30D12A22D2}.Release|x86.Build.0 = Release|Win32
		{5754C702-A6E6-4D59-B22E-F5BCF5F93944}.Debug|x64.ActiveCfg = Debug|x64
		{5754C702-A6E6-4D59-B22E-F5BCF5F93944}.Debug|x64.Build.0 = Debug|x64
		{5754C702-A6E6-4D59-B22E-F5BCF5F93944}.Debug|x86.ActiveCfg = Debug|Win32
		{5754C702-A6E6-4D59-B22E-F5BCF5F93944}.Debug|x86.Build.0 = Debug|Win32
		{5754C702-A6E6-4D59-B22E-F5BCF5F93944}.Release|x64.ActiveCfg = Release|x64
		{5754C702-A6E6-4D59-B22E-F5BCF5F93944}.Release|x64.Build.0 = Release|x64
		{5754C702-A6E6-4D59-B22E-F5BCF5F93944}.Release|x86.ActiveCfg = Release|Win32
		{5754C702-A6E6-4D59-B22E-F5BCF5F93944}.Release|x86.Build.0 = Release|Win32
		{9F4DFC1F-5E32-4860-8620-5E445161B1FA}.Debug|x64.ActiveCfg = Debug|x64
		{9F4DFC1F-5E32-4860-8620-5E445161B1FA}.Debug|x64.Build.0 = Debug|x64
		{9F4DFC1F-5E32-4860-8620-5E445161B1FA}.Debug|x86.ActiveCfg = Debug|Win32
		{9F4DFC1F-5E32-4860-8620-5E445161B1FA}.Debug|x86.Build.0 = Debug|Win32
		{9F4DFC1F-5E32-4860-8620-5E445161B1FA}.Release|x64.ActiveCfg = Release|x64
		{9F4DFC1F-5E32-4860-8620-5E445161B1FA}.Release|x64.Build.0 = Release|x64
		{9F4DFC1F-5E32-4860-8620-5E445161B1FA}.Release|x86.ActiveCfg = Release|Win32
		{9F4DFC1F-5E32-4860-8620-5E445161B1FA}.Release|x86.Build.0 = Release|Win32
	EndGlobalSection
	GlobalSection(SolutionProperties) = preSolution
		HideSolutionNode = FALSE
	EndGlobalSection
	GlobalSection(NestedProjects) = preSolution
		{7318F227-0067-4667-B47C-D9FFDCCACBF3} = {D51D27FB-6990-4CF9-BADF-1CEDDB2438E5}
		{64FC39BA-CCA0-4B70-A08B-41D284BC215E} = {0D86BB20-DEB9-43A3-923A-18CB829E6402}
		{07621251-68E4-4953-9E65-2C4473DAFD1D} = {24261932-F6EF-4C74-9C86-A5813A5B20CC}
		{8AAE318C-0405-49ED-B1DE-B4F38BCE0BC8} = {24261932-F6EF-4C74-9C86-A5813A5B20CC}
		{742A7E18-58EA-4B97-B638-3A834C7D69CA} = {0D86BB20-DEB9-43A3-923A-18CB829E6402}
		{E829F0F6-75B1-46F7-9E60-B76AC0ABCDB9} = {962D4987-2BBA-41A6-8F8E-0EFED1941975}
		{43B8882A-AAD4-4CAE-942D-2CDC7F1659A8} = {962D4987-2BBA-41A6-8F8E-0EFED1941975}
		{A2B4C7B4-B927-4A81-88C8-15A9040B4A30} = {962D4987-2BBA-41A6-8F8E-0EFED1941975}
		{71667551-DC89-4E91-B409-EC47AE10CC12} = {962D4987-2BBA-41A6-8F8E-0EFED1941975}
		{2E8C05CC-C487-4F6D-9BF4-4D6EEFB8A07E} = {FE2B32BF-88D8-450C-8B40-51A96EB7BDB9}
		{A6CA7584-55BA-422D-8F49-B096BC82EA39} = {FE2B32BF-88D8-450C-8B40-51A96EB7BDB9}
		{8D499072-AF2D-4BC1-9C37-B3C479830491} = {7BD43A00-51F4-4871-91A5-2219FB17156C}
		{02BD4146-368E-4996-AB8F-9624D8CC33B9} = {7BD43A00-51F4-4871-91A5-2219FB17156C}
		{EAF4567F-059C-4B77-90B5-09283B7552C3} = {7BD43A00-51F4-4871-91A5-2219FB17156C}
		{C678FED5-D138-45CE-8A20-E6DD6A9B9D90} = {7BD43A00-51F4-4871-91A5-2219FB17156C}
		{7D6E8DDB-B476-416D-B58F-E86016EA306D} = {7BD43A00-51F4-4871-91A5-2219FB17156C}
		{6C2CF6BF-125E-45A8-990E-6C9FBAC98E32} = {7BD43A00-51F4-4871-91A5-2219FB17156C}
		{3E4A33D0-003D-4A9D-B25C-992B89F64CF8} = {7BD43A00-51F4-4871-91A5-2219FB17156C}
		{BFE8B4C5-E435-4A24-8535-03D61A771CB0} = {FE2B32BF-88D8-450C-8B40-51A96EB7BDB9}
		{BEACF3C7-055D-42AD-81F6-9C38B1CBCEA1} = {FE2B32BF-88D8-450C-8B40-51A96EB7BDB9}
		{86735EE8-5C48-4E27-9CC0-843C9D2505F1} = {16AC6480-5736-42B7-B555-F8E86E1C9950}
		{B31E7B74-D74B-49A1-9C06-31AC80D4B39A} = {16AC6480-5736-42B7-B555-F8E86E1C9950}
		{CDF26176-7EBE-4027-8C55-A1679803DD58} = {16AC6480-5736-42B7-B555-F8E86E1C9950}
		{FA532D68-C465-4061-89D0-7E6337083291} = {16AC6480-5736-42B7-B555-F8E86E1C9950}
		{54DB55DF-77CD-400E-B43B-EFDB940651EF} = {16AC6480-5736-42B7-B555-F8E86E1C9950}
		{8661A4CF-7268-4CB1-B6BB-F5883A98232A} = {16AC6480-5736-42B7-B555-F8E86E1C9950}
		{66B7D2F5-C088-4258-AE89-2198FFFC3C08} = {16AC6480-5736-42B7-B555-F8E86E1C9950}
		{91DAB766-F3C3-4FC5-BFA1-D426BF7BEB55} = {128F192D-56E3-4CE4-AE3D-82B2E662947A}
		{D31BC6C0-7F79-4786-8512-C01A75DAB245} = {128F192D-56E3-4CE4-AE3D-82B2E662947A}
		{3A09B29F-EFD6-47D7-9244-6C0971651356} = {128F192D-56E3-4CE4-AE3D-82B2E662947A}
		{85A2563B-AD5D-47DB-B5A0-4F60DAA22CD7} = {128F192D-56E3-4CE4-AE3D-82B2E662947A}
		{FCFE0332-8B49-4BE1-9BCA-7F30D12A22D2} = {128F192D-56E3-4CE4-AE3D-82B2E662947A}
		{5754C702-A6E6-4D59-B22E-F5BCF5F93944} = {128F192D-56E3-4CE4-AE3D-82B2E662947A}
		{9F4DFC1F-5E32-4860-8620-5E445161B1FA} = {128F192D-56E3-4CE4-AE3D-82B2E662947A}
	EndGlobalSection
	GlobalSection(ExtensibilityGlobals) = postSolution
		SolutionGuid = {01056DED-17F6-4743-A57B-6693579C2F36}
	EndGlobalSection
EndGlobal
